// !$*UTF8*$!
{
	archiveVersion = 1;
	classes = {
	};
	objectVersion = 56;
	objects = {

/* Begin PBXBuildFile section */
		DE235EB52B4BECB500E4BD09 /* TravelTableViewController.swift in Sources */ = {isa = PBXBuildFile; fileRef = DE235EB42B4BECB500E4BD09 /* TravelTableViewController.swift */; };
		DE235EB72B4BECC000E4BD09 /* TravelTableViewCell.swift in Sources */ = {isa = PBXBuildFile; fileRef = DE235EB62B4BECC000E4BD09 /* TravelTableViewCell.swift */; };
		DE235EBC2B4BF0D100E4BD09 /* Kingfisher in Frameworks */ = {isa = PBXBuildFile; productRef = DE235EBB2B4BF0D100E4BD09 /* Kingfisher */; };
		DE235ED42B4D32F500E4BD09 /* MagazineInfo.swift in Sources */ = {isa = PBXBuildFile; fileRef = DE235ED32B4D32F500E4BD09 /* MagazineInfo.swift */; };
		DE235ED72B4D332100E4BD09 /* CityInfo.swift in Sources */ = {isa = PBXBuildFile; fileRef = DE235ED62B4D332100E4BD09 /* CityInfo.swift */; };
		DE235ED92B4D339100E4BD09 /* CityCollectionViewController.swift in Sources */ = {isa = PBXBuildFile; fileRef = DE235ED82B4D339100E4BD09 /* CityCollectionViewController.swift */; };
		DE235EDC2B4D339E00E4BD09 /* CityCollectionViewCell.swift in Sources */ = {isa = PBXBuildFile; fileRef = DE235EDA2B4D339E00E4BD09 /* CityCollectionViewCell.swift */; };
		DE235EDD2B4D339E00E4BD09 /* CityCollectionViewCell.xib in Resources */ = {isa = PBXBuildFile; fileRef = DE235EDB2B4D339E00E4BD09 /* CityCollectionViewCell.xib */; };
		DE235EE12B4D399800E4BD09 /* CityViewController.swift in Sources */ = {isa = PBXBuildFile; fileRef = DE235EE02B4D399800E4BD09 /* CityViewController.swift */; };
		DE4470722B4A551800334E01 /* AppDelegate.swift in Sources */ = {isa = PBXBuildFile; fileRef = DE4470712B4A551800334E01 /* AppDelegate.swift */; };
		DE4470742B4A551800334E01 /* SceneDelegate.swift in Sources */ = {isa = PBXBuildFile; fileRef = DE4470732B4A551800334E01 /* SceneDelegate.swift */; };
		DE4470762B4A551800334E01 /* ViewController.swift in Sources */ = {isa = PBXBuildFile; fileRef = DE4470752B4A551800334E01 /* ViewController.swift */; };
		DE4470792B4A551800334E01 /* Main.storyboard in Resources */ = {isa = PBXBuildFile; fileRef = DE4470772B4A551800334E01 /* Main.storyboard */; };
		DE44707B2B4A551900334E01 /* Assets.xcassets in Resources */ = {isa = PBXBuildFile; fileRef = DE44707A2B4A551900334E01 /* Assets.xcassets */; };
		DE44707E2B4A551900334E01 /* LaunchScreen.storyboard in Resources */ = {isa = PBXBuildFile; fileRef = DE44707C2B4A551900334E01 /* LaunchScreen.storyboard */; };
		DE4470862B4A5D6100334E01 /* Case2TableViewController.swift in Sources */ = {isa = PBXBuildFile; fileRef = DE4470852B4A5D6100334E01 /* Case2TableViewController.swift */; };
		DE4470882B4A667400334E01 /* TodoTableViewController.swift in Sources */ = {isa = PBXBuildFile; fileRef = DE4470872B4A667400334E01 /* TodoTableViewController.swift */; };
		DE44708A2B4A6ED000334E01 /* TodoTableViewCell.swift in Sources */ = {isa = PBXBuildFile; fileRef = DE4470892B4A6ED000334E01 /* TodoTableViewCell.swift */; };
		DE514E8F2B4FCD6A0001589B /* DetailViewController.swift in Sources */ = {isa = PBXBuildFile; fileRef = DE514E8E2B4FCD6A0001589B /* DetailViewController.swift */; };
		DE514E922B4FCDA90001589B /* Detail.storyboard in Resources */ = {isa = PBXBuildFile; fileRef = DE514E912B4FCDA90001589B /* Detail.storyboard */; };
		DE514E952B4FCE4F0001589B /* DetailTableViewCell.swift in Sources */ = {isa = PBXBuildFile; fileRef = DE514E932B4FCE4F0001589B /* DetailTableViewCell.swift */; };
		DE514E962B4FCE4F0001589B /* DetailTableViewCell.xib in Resources */ = {isa = PBXBuildFile; fileRef = DE514E942B4FCE4F0001589B /* DetailTableViewCell.xib */; };
		DE514E992B4FD1800001589B /* ADTableViewCell.swift in Sources */ = {isa = PBXBuildFile; fileRef = DE514E972B4FD1800001589B /* ADTableViewCell.swift */; };
		DE514E9A2B4FD1800001589B /* ADTableViewCell.xib in Resources */ = {isa = PBXBuildFile; fileRef = DE514E982B4FD1800001589B /* ADTableViewCell.xib */; };
		DE514E9C2B4FD6590001589B /* TravelModel.swift in Sources */ = {isa = PBXBuildFile; fileRef = DE514E9B2B4FD6590001589B /* TravelModel.swift */; };
		DE514E9E2B4FF7AE0001589B /* SpotViewController.swift in Sources */ = {isa = PBXBuildFile; fileRef = DE514E9D2B4FF7AE0001589B /* SpotViewController.swift */; };
		DE514EA02B4FF7C30001589B /* ADViewController.swift in Sources */ = {isa = PBXBuildFile; fileRef = DE514E9F2B4FF7C30001589B /* ADViewController.swift */; };
		DE514EA32B50050F0001589B /* ConnectProtocol.swift in Sources */ = {isa = PBXBuildFile; fileRef = DE514EA22B50050F0001589B /* ConnectProtocol.swift */; };
		DE99C2102B54F82000158E02 /* WebViewController.swift in Sources */ = {isa = PBXBuildFile; fileRef = DE99C20F2B54F82000158E02 /* WebViewController.swift */; };
		DE99C2122B54F8FD00158E02 /* UIViewController+Extension.swift in Sources */ = {isa = PBXBuildFile; fileRef = DE99C2112B54F8FD00158E02 /* UIViewController+Extension.swift */; };
		DE99C2142B54F93900158E02 /* UITableViewCell+Extension.swift in Sources */ = {isa = PBXBuildFile; fileRef = DE99C2132B54F93900158E02 /* UITableViewCell+Extension.swift */; };
		DE99C2162B54FC8800158E02 /* UICollectionViewCell+Extension.swift in Sources */ = {isa = PBXBuildFile; fileRef = DE99C2152B54FC8800158E02 /* UICollectionViewCell+Extension.swift */; };
		DE99C2182B5509AD00158E02 /* CinemaViewController.swift in Sources */ = {isa = PBXBuildFile; fileRef = DE99C2172B5509AD00158E02 /* CinemaViewController.swift */; };
		DE99C21A2B55FF5600158E02 /* TheaterData.swift in Sources */ = {isa = PBXBuildFile; fileRef = DE99C2192B55FF5500158E02 /* TheaterData.swift */; };
		DEA74B6E2B4EB0DC0078AA55 /* CityViewController+Extension.swift in Sources */ = {isa = PBXBuildFile; fileRef = DEA74B6D2B4EB0DC0078AA55 /* CityViewController+Extension.swift */; };
		DEA74B702B4EB80B0078AA55 /* CityCollectionViewController+Extension.swift in Sources */ = {isa = PBXBuildFile; fileRef = DEA74B6F2B4EB80B0078AA55 /* CityCollectionViewController+Extension.swift */; };
/* End PBXBuildFile section */

/* Begin PBXFileReference section */
		DE235EB42B4BECB500E4BD09 /* TravelTableViewController.swift */ = {isa = PBXFileReference; lastKnownFileType = sourcecode.swift; path = TravelTableViewController.swift; sourceTree = "<group>"; };
		DE235EB62B4BECC000E4BD09 /* TravelTableViewCell.swift */ = {isa = PBXFileReference; lastKnownFileType = sourcecode.swift; path = TravelTableViewCell.swift; sourceTree = "<group>"; };
		DE235ED32B4D32F500E4BD09 /* MagazineInfo.swift */ = {isa = PBXFileReference; lastKnownFileType = sourcecode.swift; path = MagazineInfo.swift; sourceTree = "<group>"; };
		DE235ED62B4D332100E4BD09 /* CityInfo.swift */ = {isa = PBXFileReference; fileEncoding = 4; lastKnownFileType = sourcecode.swift; name = CityInfo.swift; path = "../../../../Documents/새싹 강의자료/CityInfo.swift"; sourceTree = "<group>"; };
		DE235ED82B4D339100E4BD09 /* CityCollectionViewController.swift */ = {isa = PBXFileReference; lastKnownFileType = sourcecode.swift; path = CityCollectionViewController.swift; sourceTree = "<group>"; };
		DE235EDA2B4D339E00E4BD09 /* CityCollectionViewCell.swift */ = {isa = PBXFileReference; lastKnownFileType = sourcecode.swift; path = CityCollectionViewCell.swift; sourceTree = "<group>"; };
		DE235EDB2B4D339E00E4BD09 /* CityCollectionViewCell.xib */ = {isa = PBXFileReference; lastKnownFileType = file.xib; path = CityCollectionViewCell.xib; sourceTree = "<group>"; };
		DE235EE02B4D399800E4BD09 /* CityViewController.swift */ = {isa = PBXFileReference; lastKnownFileType = sourcecode.swift; path = CityViewController.swift; sourceTree = "<group>"; };
		DE44706E2B4A551800334E01 /* TableViewProj.app */ = {isa = PBXFileReference; explicitFileType = wrapper.application; includeInIndex = 0; path = TableViewProj.app; sourceTree = BUILT_PRODUCTS_DIR; };
		DE4470712B4A551800334E01 /* AppDelegate.swift */ = {isa = PBXFileReference; lastKnownFileType = sourcecode.swift; path = AppDelegate.swift; sourceTree = "<group>"; };
		DE4470732B4A551800334E01 /* SceneDelegate.swift */ = {isa = PBXFileReference; lastKnownFileType = sourcecode.swift; path = SceneDelegate.swift; sourceTree = "<group>"; };
		DE4470752B4A551800334E01 /* ViewController.swift */ = {isa = PBXFileReference; lastKnownFileType = sourcecode.swift; path = ViewController.swift; sourceTree = "<group>"; };
		DE4470782B4A551800334E01 /* Base */ = {isa = PBXFileReference; lastKnownFileType = file.storyboard; name = Base; path = Base.lproj/Main.storyboard; sourceTree = "<group>"; };
		DE44707A2B4A551900334E01 /* Assets.xcassets */ = {isa = PBXFileReference; lastKnownFileType = folder.assetcatalog; path = Assets.xcassets; sourceTree = "<group>"; };
		DE44707D2B4A551900334E01 /* Base */ = {isa = PBXFileReference; lastKnownFileType = file.storyboard; name = Base; path = Base.lproj/LaunchScreen.storyboard; sourceTree = "<group>"; };
		DE44707F2B4A551900334E01 /* Info.plist */ = {isa = PBXFileReference; lastKnownFileType = text.plist.xml; path = Info.plist; sourceTree = "<group>"; };
		DE4470852B4A5D6100334E01 /* Case2TableViewController.swift */ = {isa = PBXFileReference; lastKnownFileType = sourcecode.swift; path = Case2TableViewController.swift; sourceTree = "<group>"; };
		DE4470872B4A667400334E01 /* TodoTableViewController.swift */ = {isa = PBXFileReference; lastKnownFileType = sourcecode.swift; path = TodoTableViewController.swift; sourceTree = "<group>"; };
		DE4470892B4A6ED000334E01 /* TodoTableViewCell.swift */ = {isa = PBXFileReference; lastKnownFileType = sourcecode.swift; path = TodoTableViewCell.swift; sourceTree = "<group>"; };
		DE514E8E2B4FCD6A0001589B /* DetailViewController.swift */ = {isa = PBXFileReference; lastKnownFileType = sourcecode.swift; path = DetailViewController.swift; sourceTree = "<group>"; };
		DE514E912B4FCDA90001589B /* Detail.storyboard */ = {isa = PBXFileReference; lastKnownFileType = file.storyboard; path = Detail.storyboard; sourceTree = "<group>"; };
		DE514E932B4FCE4F0001589B /* DetailTableViewCell.swift */ = {isa = PBXFileReference; lastKnownFileType = sourcecode.swift; path = DetailTableViewCell.swift; sourceTree = "<group>"; };
		DE514E942B4FCE4F0001589B /* DetailTableViewCell.xib */ = {isa = PBXFileReference; lastKnownFileType = file.xib; path = DetailTableViewCell.xib; sourceTree = "<group>"; };
		DE514E972B4FD1800001589B /* ADTableViewCell.swift */ = {isa = PBXFileReference; lastKnownFileType = sourcecode.swift; path = ADTableViewCell.swift; sourceTree = "<group>"; };
		DE514E982B4FD1800001589B /* ADTableViewCell.xib */ = {isa = PBXFileReference; lastKnownFileType = file.xib; path = ADTableViewCell.xib; sourceTree = "<group>"; };
		DE514E9B2B4FD6590001589B /* TravelModel.swift */ = {isa = PBXFileReference; fileEncoding = 4; lastKnownFileType = sourcecode.swift; name = TravelModel.swift; path = "../../../../Documents/새싹 강의자료/TravelModel.swift"; sourceTree = "<group>"; };
		DE514E9D2B4FF7AE0001589B /* SpotViewController.swift */ = {isa = PBXFileReference; lastKnownFileType = sourcecode.swift; path = SpotViewController.swift; sourceTree = "<group>"; };
		DE514E9F2B4FF7C30001589B /* ADViewController.swift */ = {isa = PBXFileReference; lastKnownFileType = sourcecode.swift; path = ADViewController.swift; sourceTree = "<group>"; };
		DE514EA22B50050F0001589B /* ConnectProtocol.swift */ = {isa = PBXFileReference; lastKnownFileType = sourcecode.swift; path = ConnectProtocol.swift; sourceTree = "<group>"; };
		DE99C20F2B54F82000158E02 /* WebViewController.swift */ = {isa = PBXFileReference; lastKnownFileType = sourcecode.swift; path = WebViewController.swift; sourceTree = "<group>"; };
		DE99C2112B54F8FD00158E02 /* UIViewController+Extension.swift */ = {isa = PBXFileReference; lastKnownFileType = sourcecode.swift; path = "UIViewController+Extension.swift"; sourceTree = "<group>"; };
		DE99C2132B54F93900158E02 /* UITableViewCell+Extension.swift */ = {isa = PBXFileReference; lastKnownFileType = sourcecode.swift; path = "UITableViewCell+Extension.swift"; sourceTree = "<group>"; };
		DE99C2152B54FC8800158E02 /* UICollectionViewCell+Extension.swift */ = {isa = PBXFileReference; lastKnownFileType = sourcecode.swift; path = "UICollectionViewCell+Extension.swift"; sourceTree = "<group>"; };
		DE99C2172B5509AD00158E02 /* CinemaViewController.swift */ = {isa = PBXFileReference; lastKnownFileType = sourcecode.swift; path = CinemaViewController.swift; sourceTree = "<group>"; };
		DE99C2192B55FF5500158E02 /* TheaterData.swift */ = {isa = PBXFileReference; fileEncoding = 4; lastKnownFileType = sourcecode.swift; name = TheaterData.swift; path = "../../../Documents/새싹 강의자료/TheaterData.swift"; sourceTree = "<group>"; };
		DEA74B6D2B4EB0DC0078AA55 /* CityViewController+Extension.swift */ = {isa = PBXFileReference; lastKnownFileType = sourcecode.swift; path = "CityViewController+Extension.swift"; sourceTree = "<group>"; };
		DEA74B6F2B4EB80B0078AA55 /* CityCollectionViewController+Extension.swift */ = {isa = PBXFileReference; lastKnownFileType = sourcecode.swift; path = "CityCollectionViewController+Extension.swift"; sourceTree = "<group>"; };
/* End PBXFileReference section */

/* Begin PBXFrameworksBuildPhase section */
		DE44706B2B4A551800334E01 /* Frameworks */ = {
			isa = PBXFrameworksBuildPhase;
			buildActionMask = 2147483647;
			files = (
				DE235EBC2B4BF0D100E4BD09 /* Kingfisher in Frameworks */,
			);
			runOnlyForDeploymentPostprocessing = 0;
		};
/* End PBXFrameworksBuildPhase section */

/* Begin PBXGroup section */
		DE235ECE2B4D328A00E4BD09 /* Todo */ = {
			isa = PBXGroup;
			children = (
				DE4470892B4A6ED000334E01 /* TodoTableViewCell.swift */,
				DE4470872B4A667400334E01 /* TodoTableViewController.swift */,
			);
			path = Todo;
			sourceTree = "<group>";
		};
		DE235ECF2B4D329C00E4BD09 /* Travel */ = {
			isa = PBXGroup;
			children = (
				DE235EB42B4BECB500E4BD09 /* TravelTableViewController.swift */,
				DE235EB62B4BECC000E4BD09 /* TravelTableViewCell.swift */,
				DE235ED32B4D32F500E4BD09 /* MagazineInfo.swift */,
				DE99C20F2B54F82000158E02 /* WebViewController.swift */,
			);
			path = Travel;
			sourceTree = "<group>";
		};
		DE235ED52B4D330F00E4BD09 /* City */ = {
			isa = PBXGroup;
			children = (
				DE514E9B2B4FD6590001589B /* TravelModel.swift */,
				DE514E902B4FCD760001589B /* Detail */,
				DE235EDF2B4D398300E4BD09 /* ViewController */,
				DE235EDE2B4D394400E4BD09 /* CollectionVC */,
				DE235ED62B4D332100E4BD09 /* CityInfo.swift */,
				DE514E9D2B4FF7AE0001589B /* SpotViewController.swift */,
				DE514E9F2B4FF7C30001589B /* ADViewController.swift */,
			);
			path = City;
			sourceTree = "<group>";
		};
		DE235EDE2B4D394400E4BD09 /* CollectionVC */ = {
			isa = PBXGroup;
			children = (
				DE235ED82B4D339100E4BD09 /* CityCollectionViewController.swift */,
				DE235EDA2B4D339E00E4BD09 /* CityCollectionViewCell.swift */,
				DE235EDB2B4D339E00E4BD09 /* CityCollectionViewCell.xib */,
			);
			path = CollectionVC;
			sourceTree = "<group>";
		};
		DE235EDF2B4D398300E4BD09 /* ViewController */ = {
			isa = PBXGroup;
			children = (
				DE235EE02B4D399800E4BD09 /* CityViewController.swift */,
			);
			path = ViewController;
			sourceTree = "<group>";
		};
		DE4470652B4A551800334E01 = {
			isa = PBXGroup;
			children = (
				DE4470702B4A551800334E01 /* TableViewProj */,
				DE44706F2B4A551800334E01 /* Products */,
			);
			sourceTree = "<group>";
		};
		DE44706F2B4A551800334E01 /* Products */ = {
			isa = PBXGroup;
			children = (
				DE44706E2B4A551800334E01 /* TableViewProj.app */,
			);
			name = Products;
			sourceTree = "<group>";
		};
		DE4470702B4A551800334E01 /* TableViewProj */ = {
			isa = PBXGroup;
			children = (
				DE514EA12B5004FA0001589B /* Protocol */,
				DEA74B6C2B4EB0C10078AA55 /* Extension */,
				DE235ED52B4D330F00E4BD09 /* City */,
				DE235ECF2B4D329C00E4BD09 /* Travel */,
				DE235ECE2B4D328A00E4BD09 /* Todo */,
				DE4470712B4A551800334E01 /* AppDelegate.swift */,
				DE4470732B4A551800334E01 /* SceneDelegate.swift */,
				DE4470752B4A551800334E01 /* ViewController.swift */,
				DE4470772B4A551800334E01 /* Main.storyboard */,
				DE44707A2B4A551900334E01 /* Assets.xcassets */,
				DE44707C2B4A551900334E01 /* LaunchScreen.storyboard */,
				DE44707F2B4A551900334E01 /* Info.plist */,
				DE4470852B4A5D6100334E01 /* Case2TableViewController.swift */,
				DE99C2172B5509AD00158E02 /* CinemaViewController.swift */,
				DE99C2192B55FF5500158E02 /* TheaterData.swift */,
			);
			path = TableViewProj;
			sourceTree = "<group>";
		};
		DE514E902B4FCD760001589B /* Detail */ = {
			isa = PBXGroup;
			children = (
				DE514E8E2B4FCD6A0001589B /* DetailViewController.swift */,
				DE514E912B4FCDA90001589B /* Detail.storyboard */,
				DE514E932B4FCE4F0001589B /* DetailTableViewCell.swift */,
				DE514E942B4FCE4F0001589B /* DetailTableViewCell.xib */,
				DE514E972B4FD1800001589B /* ADTableViewCell.swift */,
				DE514E982B4FD1800001589B /* ADTableViewCell.xib */,
			);
			path = Detail;
			sourceTree = "<group>";
		};
		DE514EA12B5004FA0001589B /* Protocol */ = {
			isa = PBXGroup;
			children = (
				DE514EA22B50050F0001589B /* ConnectProtocol.swift */,
			);
			path = Protocol;
			sourceTree = "<group>";
		};
		DEA74B6C2B4EB0C10078AA55 /* Extension */ = {
			isa = PBXGroup;
			children = (
				DEA74B6D2B4EB0DC0078AA55 /* CityViewController+Extension.swift */,
				DEA74B6F2B4EB80B0078AA55 /* CityCollectionViewController+Extension.swift */,
				DE99C2112B54F8FD00158E02 /* UIViewController+Extension.swift */,
				DE99C2132B54F93900158E02 /* UITableViewCell+Extension.swift */,
				DE99C2152B54FC8800158E02 /* UICollectionViewCell+Extension.swift */,
			);
			path = Extension;
			sourceTree = "<group>";
		};
/* End PBXGroup section */

/* Begin PBXNativeTarget section */
		DE44706D2B4A551800334E01 /* TableViewProj */ = {
			isa = PBXNativeTarget;
			buildConfigurationList = DE4470822B4A551900334E01 /* Build configuration list for PBXNativeTarget "TableViewProj" */;
			buildPhases = (
				DE44706A2B4A551800334E01 /* Sources */,
				DE44706B2B4A551800334E01 /* Frameworks */,
				DE44706C2B4A551800334E01 /* Resources */,
			);
			buildRules = (
			);
			dependencies = (
			);
			name = TableViewProj;
			packageProductDependencies = (
				DE235EBB2B4BF0D100E4BD09 /* Kingfisher */,
			);
			productName = TableViewProj;
			productReference = DE44706E2B4A551800334E01 /* TableViewProj.app */;
			productType = "com.apple.product-type.application";
		};
/* End PBXNativeTarget section */

/* Begin PBXProject section */
		DE4470662B4A551800334E01 /* Project object */ = {
			isa = PBXProject;
			attributes = {
				BuildIndependentTargetsInParallel = 1;
				LastSwiftUpdateCheck = 1510;
				LastUpgradeCheck = 1510;
				TargetAttributes = {
					DE44706D2B4A551800334E01 = {
						CreatedOnToolsVersion = 15.1;
					};
				};
			};
			buildConfigurationList = DE4470692B4A551800334E01 /* Build configuration list for PBXProject "TableViewProj" */;
			compatibilityVersion = "Xcode 14.0";
			developmentRegion = en;
			hasScannedForEncodings = 0;
			knownRegions = (
				en,
				Base,
			);
			mainGroup = DE4470652B4A551800334E01;
			packageReferences = (
				DE235EBA2B4BF0D100E4BD09 /* XCRemoteSwiftPackageReference "Kingfisher" */,
			);
			productRefGroup = DE44706F2B4A551800334E01 /* Products */;
			projectDirPath = "";
			projectRoot = "";
			targets = (
				DE44706D2B4A551800334E01 /* TableViewProj */,
			);
		};
/* End PBXProject section */

/* Begin PBXResourcesBuildPhase section */
		DE44706C2B4A551800334E01 /* Resources */ = {
			isa = PBXResourcesBuildPhase;
			buildActionMask = 2147483647;
			files = (
				DE44707E2B4A551900334E01 /* LaunchScreen.storyboard in Resources */,
				DE44707B2B4A551900334E01 /* Assets.xcassets in Resources */,
				DE4470792B4A551800334E01 /* Main.storyboard in Resources */,
				DE514E922B4FCDA90001589B /* Detail.storyboard in Resources */,
				DE514E962B4FCE4F0001589B /* DetailTableViewCell.xib in Resources */,
				DE514E9A2B4FD1800001589B /* ADTableViewCell.xib in Resources */,
				DE235EDD2B4D339E00E4BD09 /* CityCollectionViewCell.xib in Resources */,
			);
			runOnlyForDeploymentPostprocessing = 0;
		};
/* End PBXResourcesBuildPhase section */

/* Begin PBXSourcesBuildPhase section */
		DE44706A2B4A551800334E01 /* Sources */ = {
			isa = PBXSourcesBuildPhase;
			buildActionMask = 2147483647;
			files = (
				DE99C2122B54F8FD00158E02 /* UIViewController+Extension.swift in Sources */,
				DE99C2142B54F93900158E02 /* UITableViewCell+Extension.swift in Sources */,
				DE4470762B4A551800334E01 /* ViewController.swift in Sources */,
				DE514E952B4FCE4F0001589B /* DetailTableViewCell.swift in Sources */,
				DE514E9C2B4FD6590001589B /* TravelModel.swift in Sources */,
				DE235EE12B4D399800E4BD09 /* CityViewController.swift in Sources */,
				DE4470882B4A667400334E01 /* TodoTableViewController.swift in Sources */,
				DE235ED72B4D332100E4BD09 /* CityInfo.swift in Sources */,
				DEA74B702B4EB80B0078AA55 /* CityCollectionViewController+Extension.swift in Sources */,
				DE4470722B4A551800334E01 /* AppDelegate.swift in Sources */,
				DE514E9E2B4FF7AE0001589B /* SpotViewController.swift in Sources */,
				DE99C21A2B55FF5600158E02 /* TheaterData.swift in Sources */,
				DE44708A2B4A6ED000334E01 /* TodoTableViewCell.swift in Sources */,
				DE514E8F2B4FCD6A0001589B /* DetailViewController.swift in Sources */,
				DE235EB52B4BECB500E4BD09 /* TravelTableViewController.swift in Sources */,
				DE99C2162B54FC8800158E02 /* UICollectionViewCell+Extension.swift in Sources */,
				DE514E992B4FD1800001589B /* ADTableViewCell.swift in Sources */,
				DEA74B6E2B4EB0DC0078AA55 /* CityViewController+Extension.swift in Sources */,
				DE99C2182B5509AD00158E02 /* CinemaViewController.swift in Sources */,
				DE99C2102B54F82000158E02 /* WebViewController.swift in Sources */,
				DE235ED92B4D339100E4BD09 /* CityCollectionViewController.swift in Sources */,
				DE514EA32B50050F0001589B /* ConnectProtocol.swift in Sources */,
				DE235EDC2B4D339E00E4BD09 /* CityCollectionViewCell.swift in Sources */,
				DE235EB72B4BECC000E4BD09 /* TravelTableViewCell.swift in Sources */,
				DE4470862B4A5D6100334E01 /* Case2TableViewController.swift in Sources */,
				DE4470742B4A551800334E01 /* SceneDelegate.swift in Sources */,
				DE514EA02B4FF7C30001589B /* ADViewController.swift in Sources */,
				DE235ED42B4D32F500E4BD09 /* MagazineInfo.swift in Sources */,
			);
			runOnlyForDeploymentPostprocessing = 0;
		};
/* End PBXSourcesBuildPhase section */

/* Begin PBXVariantGroup section */
		DE4470772B4A551800334E01 /* Main.storyboard */ = {
			isa = PBXVariantGroup;
			children = (
				DE4470782B4A551800334E01 /* Base */,
			);
			name = Main.storyboard;
			sourceTree = "<group>";
		};
		DE44707C2B4A551900334E01 /* LaunchScreen.storyboard */ = {
			isa = PBXVariantGroup;
			children = (
				DE44707D2B4A551900334E01 /* Base */,
			);
			name = LaunchScreen.storyboard;
			sourceTree = "<group>";
		};
/* End PBXVariantGroup section */

/* Begin XCBuildConfiguration section */
		DE4470802B4A551900334E01 /* Debug */ = {
			isa = XCBuildConfiguration;
			buildSettings = {
				ALWAYS_SEARCH_USER_PATHS = NO;
				ASSETCATALOG_COMPILER_GENERATE_SWIFT_ASSET_SYMBOL_EXTENSIONS = YES;
				CLANG_ANALYZER_NONNULL = YES;
				CLANG_ANALYZER_NUMBER_OBJECT_CONVERSION = YES_AGGRESSIVE;
				CLANG_CXX_LANGUAGE_STANDARD = "gnu++20";
				CLANG_ENABLE_MODULES = YES;
				CLANG_ENABLE_OBJC_ARC = YES;
				CLANG_ENABLE_OBJC_WEAK = YES;
				CLANG_WARN_BLOCK_CAPTURE_AUTORELEASING = YES;
				CLANG_WARN_BOOL_CONVERSION = YES;
				CLANG_WARN_COMMA = YES;
				CLANG_WARN_CONSTANT_CONVERSION = YES;
				CLANG_WARN_DEPRECATED_OBJC_IMPLEMENTATIONS = YES;
				CLANG_WARN_DIRECT_OBJC_ISA_USAGE = YES_ERROR;
				CLANG_WARN_DOCUMENTATION_COMMENTS = YES;
				CLANG_WARN_EMPTY_BODY = YES;
				CLANG_WARN_ENUM_CONVERSION = YES;
				CLANG_WARN_INFINITE_RECURSION = YES;
				CLANG_WARN_INT_CONVERSION = YES;
				CLANG_WARN_NON_LITERAL_NULL_CONVERSION = YES;
				CLANG_WARN_OBJC_IMPLICIT_RETAIN_SELF = YES;
				CLANG_WARN_OBJC_LITERAL_CONVERSION = YES;
				CLANG_WARN_OBJC_ROOT_CLASS = YES_ERROR;
				CLANG_WARN_QUOTED_INCLUDE_IN_FRAMEWORK_HEADER = YES;
				CLANG_WARN_RANGE_LOOP_ANALYSIS = YES;
				CLANG_WARN_STRICT_PROTOTYPES = YES;
				CLANG_WARN_SUSPICIOUS_MOVE = YES;
				CLANG_WARN_UNGUARDED_AVAILABILITY = YES_AGGRESSIVE;
				CLANG_WARN_UNREACHABLE_CODE = YES;
				CLANG_WARN__DUPLICATE_METHOD_MATCH = YES;
				COPY_PHASE_STRIP = NO;
				DEBUG_INFORMATION_FORMAT = dwarf;
				ENABLE_STRICT_OBJC_MSGSEND = YES;
				ENABLE_TESTABILITY = YES;
				ENABLE_USER_SCRIPT_SANDBOXING = YES;
				GCC_C_LANGUAGE_STANDARD = gnu17;
				GCC_DYNAMIC_NO_PIC = NO;
				GCC_NO_COMMON_BLOCKS = YES;
				GCC_OPTIMIZATION_LEVEL = 0;
				GCC_PREPROCESSOR_DEFINITIONS = (
					"DEBUG=1",
					"$(inherited)",
				);
				GCC_WARN_64_TO_32_BIT_CONVERSION = YES;
				GCC_WARN_ABOUT_RETURN_TYPE = YES_ERROR;
				GCC_WARN_UNDECLARED_SELECTOR = YES;
				GCC_WARN_UNINITIALIZED_AUTOS = YES_AGGRESSIVE;
				GCC_WARN_UNUSED_FUNCTION = YES;
				GCC_WARN_UNUSED_VARIABLE = YES;
				IPHONEOS_DEPLOYMENT_TARGET = 17.2;
				LOCALIZATION_PREFERS_STRING_CATALOGS = YES;
				MTL_ENABLE_DEBUG_INFO = INCLUDE_SOURCE;
				MTL_FAST_MATH = YES;
				ONLY_ACTIVE_ARCH = YES;
				SDKROOT = iphoneos;
				SWIFT_ACTIVE_COMPILATION_CONDITIONS = "DEBUG $(inherited)";
				SWIFT_OPTIMIZATION_LEVEL = "-Onone";
			};
			name = Debug;
		};
		DE4470812B4A551900334E01 /* Release */ = {
			isa = XCBuildConfiguration;
			buildSettings = {
				ALWAYS_SEARCH_USER_PATHS = NO;
				ASSETCATALOG_COMPILER_GENERATE_SWIFT_ASSET_SYMBOL_EXTENSIONS = YES;
				CLANG_ANALYZER_NONNULL = YES;
				CLANG_ANALYZER_NUMBER_OBJECT_CONVERSION = YES_AGGRESSIVE;
				CLANG_CXX_LANGUAGE_STANDARD = "gnu++20";
				CLANG_ENABLE_MODULES = YES;
				CLANG_ENABLE_OBJC_ARC = YES;
				CLANG_ENABLE_OBJC_WEAK = YES;
				CLANG_WARN_BLOCK_CAPTURE_AUTORELEASING = YES;
				CLANG_WARN_BOOL_CONVERSION = YES;
				CLANG_WARN_COMMA = YES;
				CLANG_WARN_CONSTANT_CONVERSION = YES;
				CLANG_WARN_DEPRECATED_OBJC_IMPLEMENTATIONS = YES;
				CLANG_WARN_DIRECT_OBJC_ISA_USAGE = YES_ERROR;
				CLANG_WARN_DOCUMENTATION_COMMENTS = YES;
				CLANG_WARN_EMPTY_BODY = YES;
				CLANG_WARN_ENUM_CONVERSION = YES;
				CLANG_WARN_INFINITE_RECURSION = YES;
				CLANG_WARN_INT_CONVERSION = YES;
				CLANG_WARN_NON_LITERAL_NULL_CONVERSION = YES;
				CLANG_WARN_OBJC_IMPLICIT_RETAIN_SELF = YES;
				CLANG_WARN_OBJC_LITERAL_CONVERSION = YES;
				CLANG_WARN_OBJC_ROOT_CLASS = YES_ERROR;
				CLANG_WARN_QUOTED_INCLUDE_IN_FRAMEWORK_HEADER = YES;
				CLANG_WARN_RANGE_LOOP_ANALYSIS = YES;
				CLANG_WARN_STRICT_PROTOTYPES = YES;
				CLANG_WARN_SUSPICIOUS_MOVE = YES;
				CLANG_WARN_UNGUARDED_AVAILABILITY = YES_AGGRESSIVE;
				CLANG_WARN_UNREACHABLE_CODE = YES;
				CLANG_WARN__DUPLICATE_METHOD_MATCH = YES;
				COPY_PHASE_STRIP = NO;
				DEBUG_INFORMATION_FORMAT = "dwarf-with-dsym";
				ENABLE_NS_ASSERTIONS = NO;
				ENABLE_STRICT_OBJC_MSGSEND = YES;
				ENABLE_USER_SCRIPT_SANDBOXING = YES;
				GCC_C_LANGUAGE_STANDARD = gnu17;
				GCC_NO_COMMON_BLOCKS = YES;
				GCC_WARN_64_TO_32_BIT_CONVERSION = YES;
				GCC_WARN_ABOUT_RETURN_TYPE = YES_ERROR;
				GCC_WARN_UNDECLARED_SELECTOR = YES;
				GCC_WARN_UNINITIALIZED_AUTOS = YES_AGGRESSIVE;
				GCC_WARN_UNUSED_FUNCTION = YES;
				GCC_WARN_UNUSED_VARIABLE = YES;
				IPHONEOS_DEPLOYMENT_TARGET = 17.2;
				LOCALIZATION_PREFERS_STRING_CATALOGS = YES;
				MTL_ENABLE_DEBUG_INFO = NO;
				MTL_FAST_MATH = YES;
				SDKROOT = iphoneos;
				SWIFT_COMPILATION_MODE = wholemodule;
				VALIDATE_PRODUCT = YES;
			};
			name = Release;
		};
		DE4470832B4A551900334E01 /* Debug */ = {
			isa = XCBuildConfiguration;
			buildSettings = {
				ASSETCATALOG_COMPILER_APPICON_NAME = AppIcon;
				ASSETCATALOG_COMPILER_GLOBAL_ACCENT_COLOR_NAME = AccentColor;
				CODE_SIGN_STYLE = Automatic;
				CURRENT_PROJECT_VERSION = 1;
				DEVELOPMENT_TEAM = X32GZ3NKQ8;
				GENERATE_INFOPLIST_FILE = YES;
				INFOPLIST_FILE = TableViewProj/Info.plist;
				INFOPLIST_KEY_UIApplicationSupportsIndirectInputEvents = YES;
				INFOPLIST_KEY_UILaunchStoryboardName = LaunchScreen;
				INFOPLIST_KEY_UIMainStoryboardFile = Main;
				INFOPLIST_KEY_UISupportedInterfaceOrientations_iPad = "UIInterfaceOrientationPortrait UIInterfaceOrientationPortraitUpsideDown UIInterfaceOrientationLandscapeLeft UIInterfaceOrientationLandscapeRight";
				INFOPLIST_KEY_UISupportedInterfaceOrientations_iPhone = "UIInterfaceOrientationPortrait UIInterfaceOrientationLandscapeLeft UIInterfaceOrientationLandscapeRight";
				IPHONEOS_DEPLOYMENT_TARGET = 17.0;
				LD_RUNPATH_SEARCH_PATHS = (
					"$(inherited)",
					"@executable_path/Frameworks",
				);
				MARKETING_VERSION = 1.0;
				PRODUCT_BUNDLE_IDENTIFIER = com.moana.TableViewProj;
				PRODUCT_NAME = "$(TARGET_NAME)";
				SWIFT_EMIT_LOC_STRINGS = YES;
				SWIFT_VERSION = 5.0;
				TARGETED_DEVICE_FAMILY = "1,2";
			};
			name = Debug;
		};
		DE4470842B4A551900334E01 /* Release */ = {
			isa = XCBuildConfiguration;
			buildSettings = {
				ASSETCATALOG_COMPILER_APPICON_NAME = AppIcon;
				ASSETCATALOG_COMPILER_GLOBAL_ACCENT_COLOR_NAME = AccentColor;
				CODE_SIGN_STYLE = Automatic;
				CURRENT_PROJECT_VERSION = 1;
				DEVELOPMENT_TEAM = X32GZ3NKQ8;
				GENERATE_INFOPLIST_FILE = YES;
				INFOPLIST_FILE = TableViewProj/Info.plist;
				INFOPLIST_KEY_UIApplicationSupportsIndirectInputEvents = YES;
				INFOPLIST_KEY_UILaunchStoryboardName = LaunchScreen;
				INFOPLIST_KEY_UIMainStoryboardFile = Main;
				INFOPLIST_KEY_UISupportedInterfaceOrientations_iPad = "UIInterfaceOrientationPortrait UIInterfaceOrientationPortraitUpsideDown UIInterfaceOrientationLandscapeLeft UIInterfaceOrientationLandscapeRight";
				INFOPLIST_KEY_UISupportedInterfaceOrientations_iPhone = "UIInterfaceOrientationPortrait UIInterfaceOrientationLandscapeLeft UIInterfaceOrientationLandscapeRight";
				IPHONEOS_DEPLOYMENT_TARGET = 17.0;
				LD_RUNPATH_SEARCH_PATHS = (
					"$(inherited)",
					"@executable_path/Frameworks",
				);
				MARKETING_VERSION = 1.0;
				PRODUCT_BUNDLE_IDENTIFIER = com.moana.TableViewProj;
				PRODUCT_NAME = "$(TARGET_NAME)";
				SWIFT_EMIT_LOC_STRINGS = YES;
				SWIFT_VERSION = 5.0;
				TARGETED_DEVICE_FAMILY = "1,2";
			};
			name = Release;
		};
/* End XCBuildConfiguration section */

/* Begin XCConfigurationList section */
		DE4470692B4A551800334E01 /* Build configuration list for PBXProject "TableViewProj" */ = {
			isa = XCConfigurationList;
			buildConfigurations = (
				DE4470802B4A551900334E01 /* Debug */,
				DE4470812B4A551900334E01 /* Release */,
			);
			defaultConfigurationIsVisible = 0;
			defaultConfigurationName = Release;
		};
		DE4470822B4A551900334E01 /* Build configuration list for PBXNativeTarget "TableViewProj" */ = {
			isa = XCConfigurationList;
			buildConfigurations = (
				DE4470832B4A551900334E01 /* Debug */,
				DE4470842B4A551900334E01 /* Release */,
			);
			defaultConfigurationIsVisible = 0;
			defaultConfigurationName = Release;
		};
/* End XCConfigurationList section */

/* Begin XCRemoteSwiftPackageReference section */
		DE235EBA2B4BF0D100E4BD09 /* XCRemoteSwiftPackageReference "Kingfisher" */ = {
			isa = XCRemoteSwiftPackageReference;
			repositoryURL = "https://github.com/onevcat/Kingfisher";
			requirement = {
				kind = upToNextMajorVersion;
				minimumVersion = 7.10.1;
			};
		};
/* End XCRemoteSwiftPackageReference section */

/* Begin XCSwiftPackageProductDependency section */
		DE235EBB2B4BF0D100E4BD09 /* Kingfisher */ = {
			isa = XCSwiftPackageProductDependency;
			package = DE235EBA2B4BF0D100E4BD09 /* XCRemoteSwiftPackageReference "Kingfisher" */;
			productName = Kingfisher;
		};
/* End XCSwiftPackageProductDependency section */
	};
	rootObject = DE4470662B4A551800334E01 /* Project object */;
}
